
Microsoft Visual Studio Solution File, Format Version 12.00
# Visual Studio Version 17
VisualStudioVersion = 17.5.002.0
MinimumVisualStudioVersion = 10.0.40219.1
Project("{9A19103F-16F7-4668-BE54-9A1E7A4F7556}") = "random-number-game", "random-number-game.csproj", "{34189304-DB42-45E7-915A-533866BA84A2}"
EndProject
Global
	GlobalSection(SolutionConfigurationPlatforms) = preSolution
		Debug|Any CPU = Debug|Any CPU
		Release|Any CPU = Release|Any CPU
	EndGlobalSection
	GlobalSection(ProjectConfigurationPlatforms) = postSolution
		{34189304-DB42-45E7-915A-533866BA84A2}.Debug|Any CPU.ActiveCfg = Debug|Any CPU
		{34189304-DB42-45E7-915A-533866BA84A2}.Debug|Any CPU.Build.0 = Debug|Any CPU
		{34189304-DB42-45E7-915A-533866BA84A2}.Release|Any CPU.ActiveCfg = Release|Any CPU
		{34189304-DB42-45E7-915A-533866BA84A2}.Release|Any CPU.Build.0 = Release|Any CPU
	EndGlobalSection
	GlobalSection(SolutionProperties) = preSolution
		HideSolutionNode = FALSE
	EndGlobalSection
	GlobalSection(ExtensibilityGlobals) = postSolution
		SolutionGuid = {16A38EEC-A4C3-48C8-A2B8-988163185178}
	EndGlobalSection
EndGlobal
